data/context/BR_context
data/context/CL_context
data/context/F_context
data/context/I_context
data/structures/BR_struct
data/filtered_pdb_ID/filtered_BR.txt
data/structures/CL_struct
data/filtered_pdb_ID/filtered_CL.txt
data/structures/F_struct
data/filtered_pdb_ID/filtered_F.txt
data/structures/I_struct
data/filtered_pdb_ID/filtered_I.txt
data/pdb_ID/pdb_entries_BR.txt
data/pdb_ID/pdb_entries_CL.txt
data/pdb_ID/pdb_entries_F.txt
data/pdb_ID/pdb_entries_I.txt
